
Microsoft Visual Studio Solution File, Format Version 12.00
# Visual Studio 15
VisualStudioVersion = 15.0.28307.1022
MinimumVisualStudioVersion = 10.0.40219.1
Project("{FAE04EC0-301F-11D3-BF4B-00C04F79EFBC}") = "Static_Class", "Static_Class\Static_Class.csproj", "{5DB02982-09A3-46B7-985D-6D34B761DFA8}"
EndProject
Global
	GlobalSection(SolutionConfigurationPlatforms) = preSolution
		Debug|Any CPU = Debug|Any CPU
		Release|Any CPU = Release|Any CPU
	EndGlobalSection
	GlobalSection(ProjectConfigurationPlatforms) = postSolution
		{5DB02982-09A3-46B7-985D-6D34B761DFA8}.Debug|Any CPU.ActiveCfg = Debug|Any CPU
		{5DB02982-09A3-46B7-985D-6D34B761DFA8}.Debug|Any CPU.Build.0 = Debug|Any CPU
		{5DB02982-09A3-46B7-985D-6D34B761DFA8}.Release|Any CPU.ActiveCfg = Release|Any CPU
		{5DB02982-09A3-46B7-985D-6D34B761DFA8}.Release|Any CPU.Build.0 = Release|Any CPU
	EndGlobalSection
	GlobalSection(SolutionProperties) = preSolution
		HideSolutionNode = FALSE
	EndGlobalSection
	GlobalSection(ExtensibilityGlobals) = postSolution
		SolutionGuid = {0438632E-AB64-422B-A618-D6475E5FE8F7}
	EndGlobalSection
EndGlobal
